
Microsoft Visual Studio Solution File, Format Version 12.00
# Visual Studio Version 17
VisualStudioVersion = 17.3.32922.545
MinimumVisualStudioVersion = 10.0.40219.1
Project("{FAE04EC0-301F-11D3-BF4B-00C04F79EFBC}") = "Almáspite", "Almáspite\Almáspite.csproj", "{DB0F1BAA-3ED9-4877-BCA2-3844BBA9A857}"
EndProject
Global
	GlobalSection(SolutionConfigurationPlatforms) = preSolution
		Debug|Any CPU = Debug|Any CPU
		Release|Any CPU = Release|Any CPU
	EndGlobalSection
	GlobalSection(ProjectConfigurationPlatforms) = postSolution
		{DB0F1BAA-3ED9-4877-BCA2-3844BBA9A857}.Debug|Any CPU.ActiveCfg = Debug|Any CPU
		{DB0F1BAA-3ED9-4877-BCA2-3844BBA9A857}.Debug|Any CPU.Build.0 = Debug|Any CPU
		{DB0F1BAA-3ED9-4877-BCA2-3844BBA9A857}.Release|Any CPU.ActiveCfg = Release|Any CPU
		{DB0F1BAA-3ED9-4877-BCA2-3844BBA9A857}.Release|Any CPU.Build.0 = Release|Any CPU
	EndGlobalSection
	GlobalSection(SolutionProperties) = preSolution
		HideSolutionNode = FALSE
	EndGlobalSection
	GlobalSection(ExtensibilityGlobals) = postSolution
		SolutionGuid = {FD582E3B-9E9F-4FEF-9945-AD61FA52A1DA}
	EndGlobalSection
EndGlobal
